{
  "name": "aleo",
  "version": "1.0.0",
  "lockfileVersion": 2,
  "requires": true,
  "packages": {
    "": {
      "name": "aleo",
      "version": "1.0.0",
      "hasInstallScript": true,
      "license": "GPL-3.0",
      "dependencies": {
        "aleo-wasm": "file:./aleo-wasm"
      }
    },
    "aleo-wasm": {
      "version": "0.2.0",
      "license": "GPL-3.0"
    },
    "node_modules/aleo-wasm": {
      "resolved": "aleo-wasm",
      "link": true
    }
  },
  "dependencies": {
    "aleo-wasm": {
      "version": "file:aleo-wasm"
    }
  }
}
