# THIS IS AN AUTOGENERATED FILE. DO NOT EDIT THIS FILE DIRECTLY.
# yarn lockfile v1


"@aleohq/ui@^0.0.3":
  version "0.0.3"
  resolved "https://registry.yarnpkg.com/@aleohq/ui/-/ui-0.0.3.tgz#a808ba0a04f9b60704a65c7cf03ceb14dab9fc08"
  integrity sha512-8Qxz5PFFh70Tvmi4Y77QkxxpgrAnfzfW6RdcWon3apMMozXKdzkpLYLlT5iVgc+KL2yhemuKloM3dHnga9zKkQ==
  dependencies:
    antd "^4.12.2"

"@ant-design/colors@^5.0.0":
  version "5.0.1"
  resolved "https://registry.yarnpkg.com/@ant-design/colors/-/colors-5.0.1.tgz#09670f2f44a7473d7bc01be901c48ec10f12c7a4"
  integrity sha512-x1TUaRILaqy3zgFNo+kIqOa3eTYPt81H1/3E4dCjDP4Qvk/xaPEizLDFdRUcIx0cWwyu2LklwfyLHWpbYK8v6A==
  dependencies:
    "@ctrl/tinycolor" "^3.3.1"

"@ant-design/icons-svg@^4.0.0":
  version "4.1.0"
  resolved "https://registry.yarnpkg.com/@ant-design/icons-svg/-/icons-svg-4.1.0.tgz#480b025f4b20ef7fe8f47d4a4846e4fee84ea06c"
  integrity sha512-Fi03PfuUqRs76aI3UWYpP864lkrfPo0hluwGqh7NJdLhvH4iRDc3jbJqZIvRDLHKbXrvAfPPV3+zjUccfFvWOQ==

"@ant-design/icons@^4.4.0":
  version "4.4.0"
  resolved "https://registry.yarnpkg.com/@ant-design/icons/-/icons-4.4.0.tgz#d4e4ba5910454e1d3f67a802d2aad9ee75a51dea"
  integrity sha512-+X44IouK56JbP3r7zM+Zoykv5wQlXBlxY0NTaFXGpiyYSS/Bh6HIo9aTF62QkSuDTqA3UpeNVTRFioKKRmkWDQ==
  dependencies:
    "@ant-design/colors" "^5.0.0"
    "@ant-design/icons-svg" "^4.0.0"
    "@babel/runtime" "^7.11.2"
    classnames "^2.2.6"
    insert-css "^2.0.0"
    rc-util "^5.0.1"

"@ant-design/react-slick@~0.28.1":
  version "0.28.1"
  resolved "https://registry.yarnpkg.com/@ant-design/react-slick/-/react-slick-0.28.1.tgz#2e0720838cb57ab8818384dcc96b2a8c61fcd01e"
  integrity sha512-Uk+GNexHOmiK3BMk/xvliNsNt+LYnN49u5o4lqeuMKXJlNqE9kGpEF03KpxDqu/zybO0/0yAJALha8oPtR5iHA==
  dependencies:
    "@babel/runtime" "^7.10.4"
    classnames "^2.2.5"
    json2mq "^0.2.0"
    lodash "^4.17.15"
    resize-observer-polyfill "^1.5.0"

"@babel/runtime@^7.10.1", "@babel/runtime@^7.10.2", "@babel/runtime@^7.10.4", "@babel/runtime@^7.11.1", "@babel/runtime@^7.11.2", "@babel/runtime@^7.12.5", "@babel/runtime@^7.8.4":
  version "7.12.13"
  resolved "https://registry.yarnpkg.com/@babel/runtime/-/runtime-7.12.13.tgz#0a21452352b02542db0ffb928ac2d3ca7cb6d66d"
  integrity sha512-8+3UMPBrjFa/6TtKi/7sehPKqfAm4g6K+YQjyyFOLUTxzOngcRZTlAVY8sc2CORJYqdHQY8gRPHmn+qo15rCBw==
  dependencies:
    regenerator-runtime "^0.13.4"

"@ctrl/tinycolor@^3.3.1":
  version "3.3.4"
  resolved "https://registry.yarnpkg.com/@ctrl/tinycolor/-/tinycolor-3.3.4.tgz#59691edd031eedc431bda1bdf601257c06289a40"
  integrity sha512-8vmPV/nIULFDWsnJalQJDqFLC2uTPx6A/ASA2t27QGp+7oXnbWWXCe0uV8xasIH2rGbI/XoB2vmkdP/94WvMrw==

antd@^4.12.2:
  version "4.12.2"
  resolved "https://registry.yarnpkg.com/antd/-/antd-4.12.2.tgz#3e00b21de418c94a358bf1fc064de15654a30161"
  integrity sha512-xB7sGg2qM/Sl3azjbc2RbJQ6cTr2Fos0AYZw2gTLLWtKhOyO3FUH7EBsL17GOkVnEDwMmBYtVXLhMgPM+e4gbA==
  dependencies:
    "@ant-design/colors" "^5.0.0"
    "@ant-design/icons" "^4.4.0"
    "@ant-design/react-slick" "~0.28.1"
    "@babel/runtime" "^7.12.5"
    array-tree-filter "^2.1.0"
    classnames "^2.2.6"
    copy-to-clipboard "^3.2.0"
    lodash "^4.17.20"
    moment "^2.25.3"
    rc-cascader "~1.4.0"
    rc-checkbox "~2.3.0"
    rc-collapse "~3.1.0"
    rc-dialog "~8.5.1"
    rc-drawer "~4.2.0"
    rc-dropdown "~3.2.0"
    rc-field-form "~1.18.0"
    rc-image "~5.2.0"
    rc-input-number "~6.2.0"
    rc-mentions "~1.5.0"
    rc-menu "~8.10.0"
    rc-motion "^2.4.0"
    rc-notification "~4.5.2"
    rc-pagination "~3.1.2"
    rc-picker "~2.5.1"
    rc-progress "~3.1.0"
    rc-rate "~2.9.0"
    rc-resize-observer "^1.0.0"
    rc-select "~12.1.0"
    rc-slider "~9.7.1"
    rc-steps "~4.1.0"
    rc-switch "~3.2.0"
    rc-table "~7.13.0"
    rc-tabs "~11.7.0"
    rc-textarea "~0.3.0"
    rc-tooltip "~5.0.0"
    rc-tree "~4.1.0"
    rc-tree-select "~4.3.0"
    rc-trigger "^5.2.1"
    rc-upload "~3.3.4"
    rc-util "^5.7.0"
    scroll-into-view-if-needed "^2.2.25"
    warning "^4.0.3"

array-tree-filter@^2.1.0:
  version "2.1.0"
  resolved "https://registry.yarnpkg.com/array-tree-filter/-/array-tree-filter-2.1.0.tgz#873ac00fec83749f255ac8dd083814b4f6329190"
  integrity sha512-4ROwICNlNw/Hqa9v+rk5h22KjmzB1JGTMVKP2AKJBOCgb0yL0ASf0+YvCcLNNwquOHNX48jkeZIJ3a+oOQqKcw==

async-validator@^3.0.3:
  version "3.5.1"
  resolved "https://registry.yarnpkg.com/async-validator/-/async-validator-3.5.1.tgz#cd62b9688b2465f48420e27adb47760ab1b5559f"
  integrity sha512-DDmKA7sdSAJtTVeNZHrnr2yojfFaoeW8MfQN8CeuXg8DDQHTqKk9Fdv38dSvnesHoO8MUwMI2HphOeSyIF+wmQ==

classnames@2.x, classnames@^2.2.1, classnames@^2.2.3, classnames@^2.2.5, classnames@^2.2.6:
  version "2.2.6"
  resolved "https://registry.yarnpkg.com/classnames/-/classnames-2.2.6.tgz#43935bffdd291f326dad0a205309b38d00f650ce"
  integrity sha512-JR/iSQOSt+LQIWwrwEzJ9uk0xfN3mTVYMwt1Ir5mUcSN6pU+V4zQFFaJsclJbPuAUQH+yfWef6tm7l1quW3C8Q==

compute-scroll-into-view@^1.0.16:
  version "1.0.16"
  resolved "https://registry.yarnpkg.com/compute-scroll-into-view/-/compute-scroll-into-view-1.0.16.tgz#5b7bf4f7127ea2c19b750353d7ce6776a90ee088"
  integrity sha512-a85LHKY81oQnikatZYA90pufpZ6sQx++BoCxOEMsjpZx+ZnaKGQnCyCehTRr/1p9GBIAHTjcU9k71kSYWloLiQ==

copy-to-clipboard@^3.2.0:
  version "3.3.1"
  resolved "https://registry.yarnpkg.com/copy-to-clipboard/-/copy-to-clipboard-3.3.1.tgz#115aa1a9998ffab6196f93076ad6da3b913662ae"
  integrity sha512-i13qo6kIHTTpCm8/Wup+0b1mVWETvu2kIMzKoK8FpkLkFxlt0znUAHcMzox+T8sPlqtZXq3CulEjQHsYiGFJUw==
  dependencies:
    toggle-selection "^1.0.6"

date-fns@^2.15.0:
  version "2.17.0"
  resolved "https://registry.yarnpkg.com/date-fns/-/date-fns-2.17.0.tgz#afa55daea539239db0a64e236ce716ef3d681ba1"
  integrity sha512-ZEhqxUtEZeGgg9eHNSOAJ8O9xqSgiJdrL0lzSSfMF54x6KXWJiOH/xntSJ9YomJPrYH/p08t6gWjGWq1SDJlSA==

dayjs@^1.8.30:
  version "1.10.4"
  resolved "https://registry.yarnpkg.com/dayjs/-/dayjs-1.10.4.tgz#8e544a9b8683f61783f570980a8a80eaf54ab1e2"
  integrity sha512-RI/Hh4kqRc1UKLOAf/T5zdMMX5DQIlDxwUe3wSyMMnEbGunnpENCdbUgM+dW7kXidZqCttBrmw7BhN4TMddkCw==

dom-align@^1.7.0:
  version "1.12.0"
  resolved "https://registry.yarnpkg.com/dom-align/-/dom-align-1.12.0.tgz#56fb7156df0b91099830364d2d48f88963f5a29c"
  integrity sha512-YkoezQuhp3SLFGdOlr5xkqZ640iXrnHAwVYcDg8ZKRUtO7mSzSC2BA5V0VuyAwPSJA4CLIc6EDDJh4bEsD2+zA==

hoist-non-react-statics@^3.3.2:
  version "3.3.2"
  resolved "https://registry.yarnpkg.com/hoist-non-react-statics/-/hoist-non-react-statics-3.3.2.tgz#ece0acaf71d62c2969c2ec59feff42a4b1a85b45"
  integrity sha512-/gGivxi8JPKWNm/W0jSmzcMPpfpPLc3dY/6GxhX2hQ9iGj3aDfklV4ET7NjKpSinLpJ5vafa9iiGIEZg10SfBw==
  dependencies:
    react-is "^16.7.0"

insert-css@^2.0.0:
  version "2.0.0"
  resolved "https://registry.yarnpkg.com/insert-css/-/insert-css-2.0.0.tgz#eb5d1097b7542f4c79ea3060d3aee07d053880f4"
  integrity sha1-610Ql7dUL0x56jBg067gfQU4gPQ=

"js-tokens@^3.0.0 || ^4.0.0":
  version "4.0.0"
  resolved "https://registry.yarnpkg.com/js-tokens/-/js-tokens-4.0.0.tgz#19203fb59991df98e3a287050d4647cdeaf32499"
  integrity sha512-RdJUflcE3cUzKiMqQgsCu06FPu9UdIJO0beYbPhHN4k6apgJtifcoCtT9bcxOpYBtpD2kCM6Sbzg4CausW/PKQ==

json2mq@^0.2.0:
  version "0.2.0"
  resolved "https://registry.yarnpkg.com/json2mq/-/json2mq-0.2.0.tgz#b637bd3ba9eabe122c83e9720483aeb10d2c904a"
  integrity sha1-tje9O6nqvhIsg+lyBIOusQ0skEo=
  dependencies:
    string-convert "^0.2.0"

lodash@^4.17.15, lodash@^4.17.20:
  version "4.17.20"
  resolved "https://registry.yarnpkg.com/lodash/-/lodash-4.17.20.tgz#b44a9b6297bcb698f1c51a3545a2b3b368d59c52"
  integrity sha512-PlhdFcillOINfeV7Ni6oF1TAEayyZBoZ8bcshTHqOYJYlrqzRK5hagpagky5o4HfCzzd1TRkXPMFq6cKk9rGmA==

loose-envify@^1.0.0:
  version "1.4.0"
  resolved "https://registry.yarnpkg.com/loose-envify/-/loose-envify-1.4.0.tgz#71ee51fa7be4caec1a63839f7e682d8132d30caf"
  integrity sha512-lyuxPGr/Wfhrlem2CL/UcnUc1zcqKAImBDzukY7Y5F/yQiNdko6+fRLevlw1HgMySw7f611UIY408EtxRSoK3Q==
  dependencies:
    js-tokens "^3.0.0 || ^4.0.0"

mini-store@^3.0.1:
  version "3.0.6"
  resolved "https://registry.yarnpkg.com/mini-store/-/mini-store-3.0.6.tgz#44b86be5b2877271224ce0689b3a35a2dffb1ca9"
  integrity sha512-YzffKHbYsMQGUWQRKdsearR79QsMzzJcDDmZKlJBqt5JNkqpyJHYlK6gP61O36X+sLf76sO9G6mhKBe83gIZIQ==
  dependencies:
    hoist-non-react-statics "^3.3.2"
    shallowequal "^1.0.2"

moment@^2.24.0, moment@^2.25.3:
  version "2.29.1"
  resolved "https://registry.yarnpkg.com/moment/-/moment-2.29.1.tgz#b2be769fa31940be9eeea6469c075e35006fa3d3"
  integrity sha512-kHmoybcPV8Sqy59DwNDY3Jefr64lK/by/da0ViFcuA4DH0vQg5Q6Ze5VimxkfQNSC+Mls/Kx53s7TjP1RhFEDQ==

rc-align@^4.0.0:
  version "4.0.9"
  resolved "https://registry.yarnpkg.com/rc-align/-/rc-align-4.0.9.tgz#46d8801c4a139ff6a65ad1674e8efceac98f85f2"
  integrity sha512-myAM2R4qoB6LqBul0leaqY8gFaiECDJ3MtQDmzDo9xM9NRT/04TvWOYd2YHU9zvGzqk9QXF6S9/MifzSKDZeMw==
  dependencies:
    "@babel/runtime" "^7.10.1"
    classnames "2.x"
    dom-align "^1.7.0"
    rc-util "^5.3.0"
    resize-observer-polyfill "^1.5.1"

rc-cascader@~1.4.0:
  version "1.4.2"
  resolved "https://registry.yarnpkg.com/rc-cascader/-/rc-cascader-1.4.2.tgz#caa81098e3ef4d5f823f9156f6d8d6dbd6321afa"
  integrity sha512-JVuLGrSi+3G8DZyPvlKlGVWJjhoi9NTz6REHIgRspa5WnznRkKGm2ejb0jJtz0m2IL8Q9BG4ZA2sXuqAu71ltQ==
  dependencies:
    "@babel/runtime" "^7.12.5"
    array-tree-filter "^2.1.0"
    rc-trigger "^5.0.4"
    rc-util "^5.0.1"
    warning "^4.0.1"

rc-checkbox@~2.3.0:
  version "2.3.2"
  resolved "https://registry.yarnpkg.com/rc-checkbox/-/rc-checkbox-2.3.2.tgz#f91b3678c7edb2baa8121c9483c664fa6f0aefc1"
  integrity sha512-afVi1FYiGv1U0JlpNH/UaEXdh6WUJjcWokj/nUN2TgG80bfG+MDdbfHKlLcNNba94mbjy2/SXJ1HDgrOkXGAjg==
  dependencies:
    "@babel/runtime" "^7.10.1"
    classnames "^2.2.1"

rc-collapse@~3.1.0:
  version "3.1.0"
  resolved "https://registry.yarnpkg.com/rc-collapse/-/rc-collapse-3.1.0.tgz#4ce5e612568c5fbeaf368cc39214471c1461a1a1"
  integrity sha512-EwpNPJcLe7b+5JfyaxM9ZNnkCgqArt3QQO0Cr5p5plwz/C9h8liAmjYY5I4+hl9lAjBqb7ZwLu94+z+rt5g1WQ==
  dependencies:
    "@babel/runtime" "^7.10.1"
    classnames "2.x"
    rc-motion "^2.3.4"
    rc-util "^5.2.1"
    shallowequal "^1.1.0"

rc-dialog@~8.5.0, rc-dialog@~8.5.1:
  version "8.5.1"
  resolved "https://registry.yarnpkg.com/rc-dialog/-/rc-dialog-8.5.1.tgz#df316dd93e1685d7df1f5e4164ee35cba4a9af88"
  integrity sha512-EcLgHHjF3Jp4C+TFceO2j7gIrpx0YIhY6ronki5QJDL/z+qWYozY5RNh4rnv4a6R21SPVhV+SK+gMMlMHZ/YRQ==
  dependencies:
    "@babel/runtime" "^7.10.1"
    classnames "^2.2.6"
    rc-motion "^2.3.0"
    rc-util "^5.6.1"

rc-drawer@~4.2.0:
  version "4.2.2"
  resolved "https://registry.yarnpkg.com/rc-drawer/-/rc-drawer-4.2.2.tgz#5fd8b18ce20575ff22b36e0c5ddbe363c13db555"
  integrity sha512-zw48FATkAmJrEnfeRWiMqvKAzqGzUDLN1UXlluB7q7GgbR6mJFvc+QsmNrgxsFuMz86Lh9mKSIi7rXlPINmuzw==
  dependencies:
    "@babel/runtime" "^7.10.1"
    classnames "^2.2.6"
    rc-util "^5.7.0"

rc-dropdown@^3.1.3, rc-dropdown@~3.2.0:
  version "3.2.0"
  resolved "https://registry.yarnpkg.com/rc-dropdown/-/rc-dropdown-3.2.0.tgz#da6c2ada403842baee3a9e909a0b1a91ba3e1090"
  integrity sha512-j1HSw+/QqlhxyTEF6BArVZnTmezw2LnSmRk6I9W7BCqNCKaRwleRmMMs1PHbuaG8dKHVqP6e21RQ7vPBLVnnNw==
  dependencies:
    "@babel/runtime" "^7.10.1"
    classnames "^2.2.6"
    rc-trigger "^5.0.4"

rc-field-form@~1.18.0:
  version "1.18.1"
  resolved "https://registry.yarnpkg.com/rc-field-form/-/rc-field-form-1.18.1.tgz#41027816c80d1acf6f51db085d34c2c35213a701"
  integrity sha512-/YRnelnHLxygl/ROGhFqfCT+uAZ5xLvu3qjtlETOneb7fXKk7tqp+RGfYqZ4uNViXlsfxox3qqMMTVet6wYfEA==
  dependencies:
    "@babel/runtime" "^7.8.4"
    async-validator "^3.0.3"
    rc-util "^5.0.0"

rc-image@~5.2.0:
  version "5.2.1"
  resolved "https://registry.yarnpkg.com/rc-image/-/rc-image-5.2.1.tgz#a4114eb42f558d7b2e1ef2acae25f56ed219bb6d"
  integrity sha512-vcFT6XCn7vtlm1qLWjJugHlW4lmmIudy7Skn2Uqf4FD0keaq924QfFaYbH4ZbrmmK15jbExKTAsFQ5zMkkqjJg==
  dependencies:
    "@babel/runtime" "^7.11.2"
    classnames "^2.2.6"
    rc-dialog "~8.5.0"
    rc-util "^5.0.6"

rc-input-number@~6.2.0:
  version "6.2.0"
  resolved "https://registry.yarnpkg.com/rc-input-number/-/rc-input-number-6.2.0.tgz#8e34ce0fb1078ffd237151dac2b7a66cdc9996f9"
  integrity sha512-EaDkGvJN1YZdLntY2isYjHejgX6hDCcW8Te7hIGsVp3Egzn179s1PVVLQmSEfT1YC+bf+SE5EZOpw0IH7dq33w==
  dependencies:
    "@babel/runtime" "^7.10.1"
    classnames "^2.2.5"
    rc-util "^5.0.1"

rc-mentions@~1.5.0:
  version "1.5.3"
  resolved "https://registry.yarnpkg.com/rc-mentions/-/rc-mentions-1.5.3.tgz#b92bebadf8ad9fb3586ba1af922d63b49d991c67"
  integrity sha512-NG/KB8YiKBCJPHHvr/QapAb4f9YzLJn7kDHtmI1K6t7ZMM5YgrjIxNNhoRKKP9zJvb9PdPts69Hbg4ZMvLVIFQ==
  dependencies:
    "@babel/runtime" "^7.10.1"
    classnames "^2.2.6"
    rc-menu "^8.0.1"
    rc-textarea "^0.3.0"
    rc-trigger "^5.0.4"
    rc-util "^5.0.1"

rc-menu@^8.0.1, rc-menu@^8.6.1, rc-menu@~8.10.0:
  version "8.10.5"
  resolved "https://registry.yarnpkg.com/rc-menu/-/rc-menu-8.10.5.tgz#44b7381c650cc76020dfd65753b535f415012179"
  integrity sha512-8Ets93wQFy9IysmgRUm1VGdrEz6XfZTM0jQOqOPLYNXah5HgAmCh4xT0UOygfHB3IWiQeqDgr2uPB4uVhwI2+Q==
  dependencies:
    "@babel/runtime" "^7.10.1"
    classnames "2.x"
    mini-store "^3.0.1"
    rc-motion "^2.0.1"
    rc-trigger "^5.1.2"
    rc-util "^5.7.0"
    resize-observer-polyfill "^1.5.0"
    shallowequal "^1.1.0"

rc-motion@^2.0.0, rc-motion@^2.0.1, rc-motion@^2.2.0, rc-motion@^2.3.0, rc-motion@^2.3.4, rc-motion@^2.4.0:
  version "2.4.1"
  resolved "https://registry.yarnpkg.com/rc-motion/-/rc-motion-2.4.1.tgz#323f47c8635e6b2bc0cba2dfad25fc415b58e1dc"
  integrity sha512-TWLvymfMu8SngPx5MDH8dQ0D2RYbluNTfam4hY/dNNx9RQ3WtGuZ/GXHi2ymLMzH+UNd6EEFYkOuR5JTTtm8Xg==
  dependencies:
    "@babel/runtime" "^7.11.1"
    classnames "^2.2.1"
    rc-util "^5.2.1"

rc-notification@~4.5.2:
  version "4.5.4"
  resolved "https://registry.yarnpkg.com/rc-notification/-/rc-notification-4.5.4.tgz#1292e163003db4b9162c856a4630e5d0f1359356"
  integrity sha512-VsN0ouF4uglE5g3C9oDsXLNYX0Sz++ZNUFYCswkxhpImYJ9u6nJOpyA71uOYDVCu6bAF54Y5Hi/b+EcnMzkepg==
  dependencies:
    "@babel/runtime" "^7.10.1"
    classnames "2.x"
    rc-motion "^2.2.0"
    rc-util "^5.0.1"

rc-overflow@^1.0.0:
  version "1.0.2"
  resolved "https://registry.yarnpkg.com/rc-overflow/-/rc-overflow-1.0.2.tgz#f56bcd920029979989f576d55084b81f9632c19c"
  integrity sha512-GXj4DAyNxm4f57LvXLwhJaZoJHzSge2l2lQq64MZP7NJAfLpQqOLD+v9JMV9ONTvDPZe8kdzR+UMmkAn7qlzFA==
  dependencies:
    "@babel/runtime" "^7.11.1"
    classnames "^2.2.1"
    rc-resize-observer "^1.0.0"
    rc-util "^5.5.1"

rc-pagination@~3.1.2:
  version "3.1.3"
  resolved "https://registry.yarnpkg.com/rc-pagination/-/rc-pagination-3.1.3.tgz#afd779839fefab2cb14248d5e7b74027960bb48b"
  integrity sha512-Z7CdC4xGkedfAwcUHPtfqNhYwVyDgkmhkvfsmoByCOwAd89p42t5O5T3ORar1wRmVWf3jxk/Bf4k0atenNvlFA==
  dependencies:
    "@babel/runtime" "^7.10.1"
    classnames "^2.2.1"

rc-picker@~2.5.1:
  version "2.5.2"
  resolved "https://registry.yarnpkg.com/rc-picker/-/rc-picker-2.5.2.tgz#36d91b8cdddbf8b2474af29c2853b77502a7fb01"
  integrity sha512-rQLgvjyFrxjiWlR+Q7CyXdTOP/gHbiXlBca7irOtuEb6HMRLdm+/OfIB7xaaPHgdkv1ZOsxCk8zCEX6j0qf24g==
  dependencies:
    "@babel/runtime" "^7.10.1"
    classnames "^2.2.1"
    date-fns "^2.15.0"
    dayjs "^1.8.30"
    moment "^2.24.0"
    rc-trigger "^5.0.4"
    rc-util "^5.4.0"
    shallowequal "^1.1.0"

rc-progress@~3.1.0:
  version "3.1.3"
  resolved "https://registry.yarnpkg.com/rc-progress/-/rc-progress-3.1.3.tgz#d77d8fd26d9d948d72c2a28b64b71a6e86df2426"
  integrity sha512-Jl4fzbBExHYMoC6HBPzel0a9VmhcSXx24LVt/mdhDM90MuzoMCJjXZAlhA0V0CJi+SKjMhfBoIQ6Lla1nD4QNw==
  dependencies:
    "@babel/runtime" "^7.10.1"
    classnames "^2.2.6"

rc-rate@~2.9.0:
  version "2.9.1"
  resolved "https://registry.yarnpkg.com/rc-rate/-/rc-rate-2.9.1.tgz#e43cb95c4eb90a2c1e0b16ec6614d8c43530a731"
  integrity sha512-MmIU7FT8W4LYRRHJD1sgG366qKtSaKb67D0/vVvJYR0lrCuRrCiVQ5qhfT5ghVO4wuVIORGpZs7ZKaYu+KMUzA==
  dependencies:
    "@babel/runtime" "^7.10.1"
    classnames "^2.2.5"
    rc-util "^5.0.1"

rc-resize-observer@^1.0.0:
  version "1.0.0"
  resolved "https://registry.yarnpkg.com/rc-resize-observer/-/rc-resize-observer-1.0.0.tgz#97fb89856f62fec32ab6e40933935cf58e2e102d"
  integrity sha512-RgKGukg1mlzyGdvzF7o/LGFC8AeoMH9aGzXTUdp6m+OApvmRdUuOscq/Y2O45cJA+rXt1ApWlpFoOIioXL3AGg==
  dependencies:
    "@babel/runtime" "^7.10.1"
    classnames "^2.2.1"
    rc-util "^5.0.0"
    resize-observer-polyfill "^1.5.1"

rc-select@^12.0.0, rc-select@~12.1.0:
  version "12.1.2"
  resolved "https://registry.yarnpkg.com/rc-select/-/rc-select-12.1.2.tgz#7f5f06838b8a8c86516acb66ead26adbc55fbc16"
  integrity sha512-WEcqj4ljz5kgp/yPN4RDQEZRvjGkwdk1PugpFrtd6tY+YqwKZs7vSZt6xphVIvWlmtwmZMe7e9G1U8XykUN0+g==
  dependencies:
    "@babel/runtime" "^7.10.1"
    classnames "2.x"
    rc-motion "^2.0.1"
    rc-overflow "^1.0.0"
    rc-trigger "^5.0.4"
    rc-util "^5.0.1"
    rc-virtual-list "^3.2.0"

rc-slider@~9.7.1:
  version "9.7.1"
  resolved "https://registry.yarnpkg.com/rc-slider/-/rc-slider-9.7.1.tgz#63535177a74a3ee44f090909e8c6f98426eb9dba"
  integrity sha512-r9r0dpFA3PEvxBhIfVi1lVzxuSogWxeY+tGvi2AqMM1rPgaOXQ7WbtT+9kVFkJ9K8TntA/vYPgiCCKfN29KTkw==
  dependencies:
    "@babel/runtime" "^7.10.1"
    classnames "^2.2.5"
    rc-tooltip "^5.0.1"
    rc-util "^5.0.0"
    shallowequal "^1.1.0"

rc-steps@~4.1.0:
  version "4.1.3"
  resolved "https://registry.yarnpkg.com/rc-steps/-/rc-steps-4.1.3.tgz#208580e22db619e3830ddb7fa41bc886c65d9803"
  integrity sha512-GXrMfWQOhN3sVze3JnzNboHpQdNHcdFubOETUHyDpa/U3HEKBZC3xJ8XK4paBgF4OJ3bdUVLC+uBPc6dCxvDYA==
  dependencies:
    "@babel/runtime" "^7.10.2"
    classnames "^2.2.3"
    rc-util "^5.0.1"

rc-switch@~3.2.0:
  version "3.2.2"
  resolved "https://registry.yarnpkg.com/rc-switch/-/rc-switch-3.2.2.tgz#d001f77f12664d52595b4f6fb425dd9e66fba8e8"
  integrity sha512-+gUJClsZZzvAHGy1vZfnwySxj+MjLlGRyXKXScrtCTcmiYNPzxDFOxdQ/3pK1Kt/0POvwJ/6ALOR8gwdXGhs+A==
  dependencies:
    "@babel/runtime" "^7.10.1"
    classnames "^2.2.1"
    rc-util "^5.0.1"

rc-table@~7.13.0:
  version "7.13.1"
  resolved "https://registry.yarnpkg.com/rc-table/-/rc-table-7.13.1.tgz#25ca6c4f8f62582f5607c5061c3aa4cd634b8009"
  integrity sha512-zg2ldSRHj1ENGsSykSKV5axnWkSaaly+wjRcD1Bspx4WHrf3m/I1WYjpVvOeer2e06bfKb6lmkK0HLxQ1cZtsg==
  dependencies:
    "@babel/runtime" "^7.10.1"
    classnames "^2.2.5"
    rc-resize-observer "^1.0.0"
    rc-util "^5.4.0"
    shallowequal "^1.1.0"

rc-tabs@~11.7.0:
  version "11.7.3"
  resolved "https://registry.yarnpkg.com/rc-tabs/-/rc-tabs-11.7.3.tgz#32a30e59c6992d60fb58115ba0bf2652b337ed43"
  integrity sha512-5nd2NVss9TprPRV9r8N05SjQyAE7zDrLejxFLcbJ+BdLxSwnGnk3ws/Iq0smqKZUnPQC0XEvnpF3+zlllUUT2w==
  dependencies:
    "@babel/runtime" "^7.11.2"
    classnames "2.x"
    rc-dropdown "^3.1.3"
    rc-menu "^8.6.1"
    rc-resize-observer "^1.0.0"
    rc-util "^5.5.0"

rc-textarea@^0.3.0, rc-textarea@~0.3.0:
  version "0.3.4"
  resolved "https://registry.yarnpkg.com/rc-textarea/-/rc-textarea-0.3.4.tgz#1408a64c87b5e76db5c847699ef9ab5ee97dd6f9"
  integrity sha512-ILUYx831ZukQPv3m7R4RGRtVVWmL1LV4ME03L22mvT56US0DGCJJaRTHs4vmpcSjFHItph5OTmhodY4BOwy81A==
  dependencies:
    "@babel/runtime" "^7.10.1"
    classnames "^2.2.1"
    rc-resize-observer "^1.0.0"
    rc-util "^5.7.0"

rc-tooltip@^5.0.1, rc-tooltip@~5.0.0:
  version "5.0.2"
  resolved "https://registry.yarnpkg.com/rc-tooltip/-/rc-tooltip-5.0.2.tgz#e48258fc9931bd9281102b2d9eacc5b986cf3258"
  integrity sha512-A4FejSG56PzYtSNUU4H1pVzfhtkV/+qMT2clK0CsSj+9mbc4USEtpWeX6A/jjVL+goBOMKj8qlH7BCZmZWh/Nw==
  dependencies:
    "@babel/runtime" "^7.11.2"
    rc-trigger "^5.0.0"

rc-tree-select@~4.3.0:
  version "4.3.0"
  resolved "https://registry.yarnpkg.com/rc-tree-select/-/rc-tree-select-4.3.0.tgz#714a4fe658aa73f2a7b0aa4bd6e43be63194a6ce"
  integrity sha512-EEXB9dKBsJNJuKIU5NERZsaJ71GDGIj5uWLl7A4XiYr2jXM4JICfScvvp3O5jHMDfhqmgpqNc0z90mHkgh3hKg==
  dependencies:
    "@babel/runtime" "^7.10.1"
    classnames "2.x"
    rc-select "^12.0.0"
    rc-tree "^4.0.0"
    rc-util "^5.0.5"

rc-tree@^4.0.0, rc-tree@~4.1.0:
  version "4.1.1"
  resolved "https://registry.yarnpkg.com/rc-tree/-/rc-tree-4.1.1.tgz#d40f418b31b75e61886e3969481df1444232c98b"
  integrity sha512-ufq7CkWfvTQa+xMPzEWYfOjTfsEALlPr0/IyujEG4+4d8NdaR3e+0dc8LkkVWoe1VCcXV2FQqAsgr2z/ThFUrQ==
  dependencies:
    "@babel/runtime" "^7.10.1"
    classnames "2.x"
    rc-motion "^2.0.1"
    rc-util "^5.0.0"
    rc-virtual-list "^3.0.1"

rc-trigger@^5.0.0, rc-trigger@^5.0.4, rc-trigger@^5.1.2, rc-trigger@^5.2.1:
  version "5.2.1"
  resolved "https://registry.yarnpkg.com/rc-trigger/-/rc-trigger-5.2.1.tgz#54686220b884ed1e0750c4f2411fbb34d4928c99"
  integrity sha512-XZilSlSDnb0L/R3Ff2xo9C0Fho2aBDoAn8u3coM60XdLqTCo24nsOh1bfAMm0uIB1qVjh5eqeyFqnBPmXi8pJg==
  dependencies:
    "@babel/runtime" "^7.11.2"
    classnames "^2.2.6"
    rc-align "^4.0.0"
    rc-motion "^2.0.0"
    rc-util "^5.5.0"

rc-upload@~3.3.4:
  version "3.3.4"
  resolved "https://registry.yarnpkg.com/rc-upload/-/rc-upload-3.3.4.tgz#b0668d18661595c69c0621cec220fd116cc79952"
  integrity sha512-v2sirR4JL31UTHD/f0LGUdd+tpFaOVUTPeIEjAXRP9kRN8TFhqOgcXl5ixtyqj90FmtRUmKmafCv0EmhBQUHqQ==
  dependencies:
    "@babel/runtime" "^7.10.1"
    classnames "^2.2.5"
    rc-util "^5.2.0"

rc-util@^5.0.0, rc-util@^5.0.1, rc-util@^5.0.5, rc-util@^5.0.6, rc-util@^5.0.7, rc-util@^5.2.0, rc-util@^5.2.1, rc-util@^5.3.0, rc-util@^5.4.0, rc-util@^5.5.0, rc-util@^5.5.1, rc-util@^5.6.1, rc-util@^5.7.0:
  version "5.8.0"
  resolved "https://registry.yarnpkg.com/rc-util/-/rc-util-5.8.0.tgz#8058d6b3cd4c0a336360171f74d6c4d08d5065ac"
  integrity sha512-x8UGbURS1/9mMyqNMsRdCq+nBLefjcubfS++d/P/oAKZ2b0X2Zo6TPPPS4nKyZIK8Xvo4DFx5zfwJ9hUm9CRYQ==
  dependencies:
    "@babel/runtime" "^7.12.5"
    react-is "^16.12.0"
    shallowequal "^1.1.0"

rc-virtual-list@^3.0.1, rc-virtual-list@^3.2.0:
  version "3.2.6"
  resolved "https://registry.yarnpkg.com/rc-virtual-list/-/rc-virtual-list-3.2.6.tgz#2c92a40f4425e19881b38134d6bd286a11137d2d"
  integrity sha512-8FiQLDzm3c/tMX0d62SQtKDhLH7zFlSI6pWBAPt+TUntEqd3Lz9zFAmpvTu8gkvUom/HCsDSZs4wfV4wDPWC0Q==
  dependencies:
    classnames "^2.2.6"
    rc-resize-observer "^1.0.0"
    rc-util "^5.0.7"

react-is@^16.12.0, react-is@^16.7.0:
  version "16.13.1"
  resolved "https://registry.yarnpkg.com/react-is/-/react-is-16.13.1.tgz#789729a4dc36de2999dc156dd6c1d9c18cea56a4"
  integrity sha512-24e6ynE2H+OKt4kqsOvNd8kBpV65zoxbA4BVsEOB3ARVWQki/DHzaUoC5KuON/BiccDaCCTZBuOcfZs70kR8bQ==

regenerator-runtime@^0.13.4:
  version "0.13.7"
  resolved "https://registry.yarnpkg.com/regenerator-runtime/-/regenerator-runtime-0.13.7.tgz#cac2dacc8a1ea675feaabaeb8ae833898ae46f55"
  integrity sha512-a54FxoJDIr27pgf7IgeQGxmqUNYrcV338lf/6gH456HZ/PhX+5BcwHXG9ajESmwe6WRO0tAzRUrRmNONWgkrew==

resize-observer-polyfill@^1.5.0, resize-observer-polyfill@^1.5.1:
  version "1.5.1"
  resolved "https://registry.yarnpkg.com/resize-observer-polyfill/-/resize-observer-polyfill-1.5.1.tgz#0e9020dd3d21024458d4ebd27e23e40269810464"
  integrity sha512-LwZrotdHOo12nQuZlHEmtuXdqGoOD0OhaxopaNFxWzInpEgaLWoVuAMbTzixuosCx2nEG58ngzW3vxdWoxIgdg==

scroll-into-view-if-needed@^2.2.25:
  version "2.2.26"
  resolved "https://registry.yarnpkg.com/scroll-into-view-if-needed/-/scroll-into-view-if-needed-2.2.26.tgz#e4917da0c820135ff65ad6f7e4b7d7af568c4f13"
  integrity sha512-SQ6AOKfABaSchokAmmaxVnL9IArxEnLEX9j4wAZw+x4iUTb40q7irtHG3z4GtAWz5veVZcCnubXDBRyLVQaohw==
  dependencies:
    compute-scroll-into-view "^1.0.16"

shallowequal@^1.0.2, shallowequal@^1.1.0:
  version "1.1.0"
  resolved "https://registry.yarnpkg.com/shallowequal/-/shallowequal-1.1.0.tgz#188d521de95b9087404fd4dcb68b13df0ae4e7f8"
  integrity sha512-y0m1JoUZSlPAjXVtPPW70aZWfIL/dSP7AFkRnniLCrK/8MDKog3TySTBmckD+RObVxH0v4Tox67+F14PdED2oQ==

string-convert@^0.2.0:
  version "0.2.1"
  resolved "https://registry.yarnpkg.com/string-convert/-/string-convert-0.2.1.tgz#6982cc3049fbb4cd85f8b24568b9d9bf39eeff97"
  integrity sha1-aYLMMEn7tM2F+LJFaLnZvznu/5c=

toggle-selection@^1.0.6:
  version "1.0.6"
  resolved "https://registry.yarnpkg.com/toggle-selection/-/toggle-selection-1.0.6.tgz#6e45b1263f2017fa0acc7d89d78b15b8bf77da32"
  integrity sha1-bkWxJj8gF/oKzH2J14sVuL932jI=

warning@^4.0.1, warning@^4.0.3:
  version "4.0.3"
  resolved "https://registry.yarnpkg.com/warning/-/warning-4.0.3.tgz#16e9e077eb8a86d6af7d64aa1e05fd85b4678ca3"
  integrity sha512-rpJyN222KWIvHJ/F53XSZv0Zl/accqHR8et1kpaMTD/fLCRxtV8iX8czMzY7sVZupTI3zcUTg8eycS2kNF9l6w==
  dependencies:
    loose-envify "^1.0.0"
